
Microsoft Visual Studio Solution File, Format Version 10.00
# Visual Studio 2008
Project("{FAE04EC0-301F-11D3-BF4B-00C04F79EFBC}") = "MTSDKTestApplication", "MTSDKTestApplication\MTSDKTestApplication.csproj", "{E0A505BC-718F-427A-9C46-1C80826D8228}"
	ProjectSection(ProjectDependencies) = postProject
		{CCC50A71-DA40-4703-A638-3A045BD216ED} = {CCC50A71-DA40-4703-A638-3A045BD216ED}
	EndProjectSection
EndProject
Project("{FAE04EC0-301F-11D3-BF4B-00C04F79EFBC}") = "MTSDKDN", "..\MTSDKDN\MTSDKDN\MTSDKDN.csproj", "{CCC50A71-DA40-4703-A638-3A045BD216ED}"
EndProject
Global
	GlobalSection(SolutionConfigurationPlatforms) = preSolution
		Debug|Any CPU = Debug|Any CPU
		Release|Any CPU = Release|Any CPU
	EndGlobalSection
	GlobalSection(ProjectConfigurationPlatforms) = postSolution
		{E0A505BC-718F-427A-9C46-1C80826D8228}.Debug|Any CPU.ActiveCfg = Debug|Any CPU
		{E0A505BC-718F-427A-9C46-1C80826D8228}.Debug|Any CPU.Build.0 = Debug|Any CPU
		{E0A505BC-718F-427A-9C46-1C80826D8228}.Release|Any CPU.ActiveCfg = Release|Any CPU
		{E0A505BC-718F-427A-9C46-1C80826D8228}.Release|Any CPU.Build.0 = Release|Any CPU
		{CCC50A71-DA40-4703-A638-3A045BD216ED}.Debug|Any CPU.ActiveCfg = Debug|Any CPU
		{CCC50A71-DA40-4703-A638-3A045BD216ED}.Debug|Any CPU.Build.0 = Debug|Any CPU
		{CCC50A71-DA40-4703-A638-3A045BD216ED}.Release|Any CPU.ActiveCfg = Release|Any CPU
		{CCC50A71-DA40-4703-A638-3A045BD216ED}.Release|Any CPU.Build.0 = Release|Any CPU
	EndGlobalSection
	GlobalSection(SolutionProperties) = preSolution
		HideSolutionNode = FALSE
	EndGlobalSection
EndGlobal
